
Microsoft Visual Studio Solution File, Format Version 12.00
# Visual Studio Version 17
VisualStudioVersion = 17.3.32922.545
MinimumVisualStudioVersion = 10.0.40219.1
Project("{9A19103F-16F7-4668-BE54-9A1E7A4F7556}") = "ShoeStore", "ShoeStore.csproj", "{082CA26E-AF4A-46C4-AA3F-436588D5F240}"
EndProject
Global
	GlobalSection(SolutionConfigurationPlatforms) = preSolution
		Debug|Any CPU = Debug|Any CPU
		Release|Any CPU = Release|Any CPU
	EndGlobalSection
	GlobalSection(ProjectConfigurationPlatforms) = postSolution
		{082CA26E-AF4A-46C4-AA3F-436588D5F240}.Debug|Any CPU.ActiveCfg = Debug|Any CPU
		{082CA26E-AF4A-46C4-AA3F-436588D5F240}.Debug|Any CPU.Build.0 = Debug|Any CPU
		{082CA26E-AF4A-46C4-AA3F-436588D5F240}.Release|Any CPU.ActiveCfg = Release|Any CPU
		{082CA26E-AF4A-46C4-AA3F-436588D5F240}.Release|Any CPU.Build.0 = Release|Any CPU
	EndGlobalSection
	GlobalSection(SolutionProperties) = preSolution
		HideSolutionNode = FALSE
	EndGlobalSection
	GlobalSection(ExtensibilityGlobals) = postSolution
		SolutionGuid = {1E407191-099F-4DC8-B9C0-715E904A30D8}
	EndGlobalSection
EndGlobal
